
Microsoft Visual Studio Solution File, Format Version 12.00
# Visual Studio Version 17
VisualStudioVersion = 17.7.34031.279
MinimumVisualStudioVersion = 10.0.40219.1
Project("{FAE04EC0-301F-11D3-BF4B-00C04F79EFBC}") = "LC-0028-FindIndexFirstOccString", "LC-0028-FindIndexFirstOccString\LC-0028-FindIndexFirstOccString.csproj", "{027A36AA-31C9-4C5E-9294-E9B330A3B9AD}"
EndProject
Global
	GlobalSection(SolutionConfigurationPlatforms) = preSolution
		Debug|Any CPU = Debug|Any CPU
		Release|Any CPU = Release|Any CPU
	EndGlobalSection
	GlobalSection(ProjectConfigurationPlatforms) = postSolution
		{027A36AA-31C9-4C5E-9294-E9B330A3B9AD}.Debug|Any CPU.ActiveCfg = Debug|Any CPU
		{027A36AA-31C9-4C5E-9294-E9B330A3B9AD}.Debug|Any CPU.Build.0 = Debug|Any CPU
		{027A36AA-31C9-4C5E-9294-E9B330A3B9AD}.Release|Any CPU.ActiveCfg = Release|Any CPU
		{027A36AA-31C9-4C5E-9294-E9B330A3B9AD}.Release|Any CPU.Build.0 = Release|Any CPU
	EndGlobalSection
	GlobalSection(SolutionProperties) = preSolution
		HideSolutionNode = FALSE
	EndGlobalSection
	GlobalSection(ExtensibilityGlobals) = postSolution
		SolutionGuid = {F3E9F8D3-89E0-4C50-A3B2-5DE0C29F73D7}
	EndGlobalSection
EndGlobal
